
Microsoft Visual Studio Solution File, Format Version 12.00
# Visual Studio Version 16
VisualStudioVersion = 16.0.29721.120
MinimumVisualStudioVersion = 10.0.40219.1
Project("{2150E333-8FDC-42A3-9474-1A3956D46DE8}") = "Samples", "Samples", "{3A0BC78A-736E-4683-BCD4-8BE75C9B2B4E}"
EndProject
Project("{2150E333-8FDC-42A3-9474-1A3956D46DE8}") = "src", "src", "{7C76D78F-F5F1-453F-83C9-7228319A97BF}"
EndProject
Project("{9A19103F-16F7-4668-BE54-9A1E7A4F7556}") = "Server.SSBLinked", "samples\Server.SSBLinked\Server.SSBLinked.csproj", "{0FA13370-4326-4C14-8C6F-907AD08F0DBE}"
EndProject
Project("{9A19103F-16F7-4668-BE54-9A1E7A4F7556}") = "SSB", "samples\SSB\SSB.csproj", "{C6A4E9F6-D8EF-41BB-BE33-07DAAD50F254}"
EndProject
Project("{9A19103F-16F7-4668-BE54-9A1E7A4F7556}") = "Server.CSBLinked", "samples\Server.CSBLinked\Server.CSBLinked.csproj", "{98E5576C-133E-42C9-879A-5C9143343BBB}"
EndProject
Project("{6EC3EE1D-3C4E-46DD-8F32-0CC8E7565705}") = "IcuBlazor.Base", "src\IcuBlazor.Base\IcuBlazor.Base.fsproj", "{39E06D2F-126E-4961-91F2-2156B9A51A3E}"
EndProject
Project("{9A19103F-16F7-4668-BE54-9A1E7A4F7556}") = "IcuBlazor", "src\IcuBlazor\IcuBlazor.csproj", "{9F0147C7-5C0B-4F32-A052-9248138E0F75}"
EndProject
Project("{6EC3EE1D-3C4E-46DD-8F32-0CC8E7565705}") = "IcuBlazor.Server", "src\IcuBlazor.Server\IcuBlazor.Server.fsproj", "{67E3354F-73C0-41A9-8EA3-68A93B335457}"
EndProject
Project("{6EC3EE1D-3C4E-46DD-8F32-0CC8E7565705}") = "IcuBlazor.Native.Win", "src\IcuBlazor.Native.Win\IcuBlazor.Native.Win.fsproj", "{18F87D1A-7BBF-415A-81E6-40BBB0BFD257}"
EndProject
Project("{9A19103F-16F7-4668-BE54-9A1E7A4F7556}") = "CSB", "samples\CSB\CSB.csproj", "{A1AC7791-DCB8-46CC-A902-46BB81B0B5BC}"
EndProject
Global
	GlobalSection(SolutionConfigurationPlatforms) = preSolution
		Debug|Any CPU = Debug|Any CPU
		Release|Any CPU = Release|Any CPU
	EndGlobalSection
	GlobalSection(ProjectConfigurationPlatforms) = postSolution
		{0FA13370-4326-4C14-8C6F-907AD08F0DBE}.Debug|Any CPU.ActiveCfg = Debug|Any CPU
		{0FA13370-4326-4C14-8C6F-907AD08F0DBE}.Debug|Any CPU.Build.0 = Debug|Any CPU
		{0FA13370-4326-4C14-8C6F-907AD08F0DBE}.Release|Any CPU.ActiveCfg = Release|Any CPU
		{0FA13370-4326-4C14-8C6F-907AD08F0DBE}.Release|Any CPU.Build.0 = Release|Any CPU
		{39E06D2F-126E-4961-91F2-2156B9A51A3E}.Debug|Any CPU.ActiveCfg = Debug|Any CPU
		{39E06D2F-126E-4961-91F2-2156B9A51A3E}.Debug|Any CPU.Build.0 = Debug|Any CPU
		{39E06D2F-126E-4961-91F2-2156B9A51A3E}.Release|Any CPU.ActiveCfg = Release|Any CPU
		{39E06D2F-126E-4961-91F2-2156B9A51A3E}.Release|Any CPU.Build.0 = Release|Any CPU
		{9F0147C7-5C0B-4F32-A052-9248138E0F75}.Debug|Any CPU.ActiveCfg = Debug|Any CPU
		{9F0147C7-5C0B-4F32-A052-9248138E0F75}.Debug|Any CPU.Build.0 = Debug|Any CPU
		{9F0147C7-5C0B-4F32-A052-9248138E0F75}.Release|Any CPU.ActiveCfg = Release|Any CPU
		{9F0147C7-5C0B-4F32-A052-9248138E0F75}.Release|Any CPU.Build.0 = Release|Any CPU
		{67E3354F-73C0-41A9-8EA3-68A93B335457}.Debug|Any CPU.ActiveCfg = Debug|Any CPU
		{67E3354F-73C0-41A9-8EA3-68A93B335457}.Debug|Any CPU.Build.0 = Debug|Any CPU
		{67E3354F-73C0-41A9-8EA3-68A93B335457}.Release|Any CPU.ActiveCfg = Release|Any CPU
		{67E3354F-73C0-41A9-8EA3-68A93B335457}.Release|Any CPU.Build.0 = Release|Any CPU
		{18F87D1A-7BBF-415A-81E6-40BBB0BFD257}.Debug|Any CPU.ActiveCfg = Debug|Any CPU
		{18F87D1A-7BBF-415A-81E6-40BBB0BFD257}.Debug|Any CPU.Build.0 = Debug|Any CPU
		{18F87D1A-7BBF-415A-81E6-40BBB0BFD257}.Release|Any CPU.ActiveCfg = Release|Any CPU
		{18F87D1A-7BBF-415A-81E6-40BBB0BFD257}.Release|Any CPU.Build.0 = Release|Any CPU
		{C6A4E9F6-D8EF-41BB-BE33-07DAAD50F254}.Debug|Any CPU.ActiveCfg = Debug|Any CPU
		{C6A4E9F6-D8EF-41BB-BE33-07DAAD50F254}.Debug|Any CPU.Build.0 = Debug|Any CPU
		{C6A4E9F6-D8EF-41BB-BE33-07DAAD50F254}.Release|Any CPU.ActiveCfg = Release|Any CPU
		{C6A4E9F6-D8EF-41BB-BE33-07DAAD50F254}.Release|Any CPU.Build.0 = Release|Any CPU
		{A1AC7791-DCB8-46CC-A902-46BB81B0B5BC}.Debug|Any CPU.ActiveCfg = Debug|Any CPU
		{A1AC7791-DCB8-46CC-A902-46BB81B0B5BC}.Debug|Any CPU.Build.0 = Debug|Any CPU
		{A1AC7791-DCB8-46CC-A902-46BB81B0B5BC}.Release|Any CPU.ActiveCfg = Release|Any CPU
		{A1AC7791-DCB8-46CC-A902-46BB81B0B5BC}.Release|Any CPU.Build.0 = Release|Any CPU
		{98E5576C-133E-42C9-879A-5C9143343BBB}.Debug|Any CPU.ActiveCfg = Debug|Any CPU
		{98E5576C-133E-42C9-879A-5C9143343BBB}.Debug|Any CPU.Build.0 = Debug|Any CPU
		{98E5576C-133E-42C9-879A-5C9143343BBB}.Release|Any CPU.ActiveCfg = Release|Any CPU
		{98E5576C-133E-42C9-879A-5C9143343BBB}.Release|Any CPU.Build.0 = Release|Any CPU
	EndGlobalSection
	GlobalSection(SolutionProperties) = preSolution
		HideSolutionNode = FALSE
	EndGlobalSection
	GlobalSection(NestedProjects) = preSolution
		{0FA13370-4326-4C14-8C6F-907AD08F0DBE} = {3A0BC78A-736E-4683-BCD4-8BE75C9B2B4E}
		{C6A4E9F6-D8EF-41BB-BE33-07DAAD50F254} = {3A0BC78A-736E-4683-BCD4-8BE75C9B2B4E}
		{A1AC7791-DCB8-46CC-A902-46BB81B0B5BC} = {3A0BC78A-736E-4683-BCD4-8BE75C9B2B4E}
		{98E5576C-133E-42C9-879A-5C9143343BBB} = {3A0BC78A-736E-4683-BCD4-8BE75C9B2B4E}
		{39E06D2F-126E-4961-91F2-2156B9A51A3E} = {7C76D78F-F5F1-453F-83C9-7228319A97BF}
		{9F0147C7-5C0B-4F32-A052-9248138E0F75} = {7C76D78F-F5F1-453F-83C9-7228319A97BF}
		{67E3354F-73C0-41A9-8EA3-68A93B335457} = {7C76D78F-F5F1-453F-83C9-7228319A97BF}
		{18F87D1A-7BBF-415A-81E6-40BBB0BFD257} = {7C76D78F-F5F1-453F-83C9-7228319A97BF}
	EndGlobalSection
	GlobalSection(ExtensibilityGlobals) = postSolution
		SolutionGuid = {72CC0832-3EA8-4EED-BCB4-041CCAB395F5}
	EndGlobalSection
EndGlobal
